{
  "name": "type_git",
  "version": "1.0.0",
  "lockfileVersion": 1,
  "requires": true,
  "dependencies": {
    "@types/google-apps-script": {
      "version": "0.0.46",
      "resolved": "https://registry.npmjs.org/@types/google-apps-script/-/google-apps-script-0.0.46.tgz",
      "integrity": "sha512-6MFb47PubTzhKyq3cXm9syPEv6N90rgugwC/AtfcStQD8RmjYRrbTuL5K6Yr9stZztYbgIwLh0Ew/x8Hri7DZA==",
      "dev": true
    }
  }
}
